
Microsoft Visual Studio Solution File, Format Version 12.00
# Visual Studio Version 16
VisualStudioVersion = 16.0.32929.386
MinimumVisualStudioVersion = 10.0.40219.1
Project("{FAE04EC0-301F-11D3-BF4B-00C04F79EFBC}") = "SimpleApplicationCoreSuite", "SimpleApplicationCoreSuite.csproj", "{8C202D72-D2A0-434D-B0EE-47C47894D79B}"
EndProject
Global
	GlobalSection(SolutionConfigurationPlatforms) = preSolution
		Debug|Any CPU = Debug|Any CPU
		Release|Any CPU = Release|Any CPU
	EndGlobalSection
	GlobalSection(ProjectConfigurationPlatforms) = postSolution
		{8C202D72-D2A0-434D-B0EE-47C47894D79B}.Debug|Any CPU.ActiveCfg = Debug|Any CPU
		{8C202D72-D2A0-434D-B0EE-47C47894D79B}.Debug|Any CPU.Build.0 = Debug|Any CPU
		{8C202D72-D2A0-434D-B0EE-47C47894D79B}.Release|Any CPU.ActiveCfg = Release|Any CPU
		{8C202D72-D2A0-434D-B0EE-47C47894D79B}.Release|Any CPU.Build.0 = Release|Any CPU
	EndGlobalSection
	GlobalSection(SolutionProperties) = preSolution
		HideSolutionNode = FALSE
	EndGlobalSection
	GlobalSection(ExtensibilityGlobals) = postSolution
		SolutionGuid = {1CE243E2-A2A7-4F08-A898-1456357F90C4}
	EndGlobalSection
EndGlobal
